Microsoft Visual Studio Solution File, Format Version 12.00
# Visual Studio Version 17
VisualStudioVersion = 17.5.2.0
MinimumVisualStudioVersion = 10.0.40219.1
Project("{FAE04EC0-301F-11D3-BF4B-00C04F79EFBC}") = "ChaosCraft", "ChaosCraft.csproj", "{51936353-F747-CA17-7CCB-0557F810561F}"
EndProject
Global
	GlobalSection(SolutionConfigurationPlatforms) = preSolution
		Debug|Any CPU = Debug|Any CPU
		Release|Any CPU = Release|Any CPU
	EndGlobalSection
	GlobalSection(ProjectConfigurationPlatforms) = postSolution
		{51936353-F747-CA17-7CCB-0557F810561F}.Debug|Any CPU.ActiveCfg = Debug|Any CPU
		{51936353-F747-CA17-7CCB-0557F810561F}.Debug|Any CPU.Build.0 = Debug|Any CPU
		{51936353-F747-CA17-7CCB-0557F810561F}.Release|Any CPU.ActiveCfg = Release|Any CPU
		{51936353-F747-CA17-7CCB-0557F810561F}.Release|Any CPU.Build.0 = Release|Any CPU
	EndGlobalSection
	GlobalSection(SolutionProperties) = preSolution
		HideSolutionNode = FALSE
	EndGlobalSection
	GlobalSection(ExtensibilityGlobals) = postSolution
		SolutionGuid = {E2CDDA14-0BC5-4FD8-8968-F0F6C351F596}
	EndGlobalSection
EndGlobal
